
Microsoft Visual Studio Solution File, Format Version 12.00
# Visual Studio 15
VisualStudioVersion = 15.0.26430.16
MinimumVisualStudioVersion = 10.0.40219.1
Project("{8BC9CEB8-8B4A-11D0-8D11-00A0C91BC942}") = "InjectDLL", "InjectDLL\InjectDLL.vcxproj", "{A822425A-1A70-4CB2-8667-32F3D093E15B}"
EndProject
Project("{8BC9CEB8-8B4A-11D0-8D11-00A0C91BC942}") = "TestDll", "TestDll\TestDll.vcxproj", "{5B0708CB-6257-4662-86E4-87D5BB488700}"
EndProject
Project("{8BC9CEB8-8B4A-11D0-8D11-00A0C91BC942}") = "TargetExe", "TargetExe\TargetExe.vcxproj", "{CC4C5C84-845F-4E30-BF9D-AC2365085415}"
	ProjectSection(ProjectDependencies) = postProject
		{5B0708CB-6257-4662-86E4-87D5BB488700} = {5B0708CB-6257-4662-86E4-87D5BB488700}
	EndProjectSection
EndProject
Project("{8BC9CEB8-8B4A-11D0-8D11-00A0C91BC942}") = "TargetExeDep", "TargetExeDep\TargetExeDep.vcxproj", "{8F4F6BEC-DE22-4B75-819D-FE2C62EBF593}"
EndProject
Global
	GlobalSection(SolutionConfigurationPlatforms) = preSolution
		Debug|x64 = Debug|x64
		Debug|x86 = Debug|x86
		Release|x64 = Release|x64
		Release|x86 = Release|x86
	EndGlobalSection
	GlobalSection(ProjectConfigurationPlatforms) = postSolution
		{A822425A-1A70-4CB2-8667-32F3D093E15B}.Debug|x64.ActiveCfg = Debug|x64
		{A822425A-1A70-4CB2-8667-32F3D093E15B}.Debug|x64.Build.0 = Debug|x64
		{A822425A-1A70-4CB2-8667-32F3D093E15B}.Debug|x86.ActiveCfg = Debug|Win32
		{A822425A-1A70-4CB2-8667-32F3D093E15B}.Debug|x86.Build.0 = Debug|Win32
		{A822425A-1A70-4CB2-8667-32F3D093E15B}.Release|x64.ActiveCfg = Release|x64
		{A822425A-1A70-4CB2-8667-32F3D093E15B}.Release|x64.Build.0 = Release|x64
		{A822425A-1A70-4CB2-8667-32F3D093E15B}.Release|x86.ActiveCfg = Release|Win32
		{A822425A-1A70-4CB2-8667-32F3D093E15B}.Release|x86.Build.0 = Release|Win32
		{5B0708CB-6257-4662-86E4-87D5BB488700}.Debug|x64.ActiveCfg = Debug|x64
		{5B0708CB-6257-4662-86E4-87D5BB488700}.Debug|x64.Build.0 = Debug|x64
		{5B0708CB-6257-4662-86E4-87D5BB488700}.Debug|x86.ActiveCfg = Debug|Win32
		{5B0708CB-6257-4662-86E4-87D5BB488700}.Debug|x86.Build.0 = Debug|Win32
		{5B0708CB-6257-4662-86E4-87D5BB488700}.Release|x64.ActiveCfg = Release|x64
		{5B0708CB-6257-4662-86E4-87D5BB488700}.Release|x64.Build.0 = Release|x64
		{5B0708CB-6257-4662-86E4-87D5BB488700}.Release|x86.ActiveCfg = Release|Win32
		{5B0708CB-6257-4662-86E4-87D5BB488700}.Release|x86.Build.0 = Release|Win32
		{CC4C5C84-845F-4E30-BF9D-AC2365085415}.Debug|x64.ActiveCfg = Debug|x64
		{CC4C5C84-845F-4E30-BF9D-AC2365085415}.Debug|x64.Build.0 = Debug|x64
		{CC4C5C84-845F-4E30-BF9D-AC2365085415}.Debug|x86.ActiveCfg = Debug|Win32
		{CC4C5C84-845F-4E30-BF9D-AC2365085415}.Debug|x86.Build.0 = Debug|Win32
		{CC4C5C84-845F-4E30-BF9D-AC2365085415}.Release|x64.ActiveCfg = Release|x64
		{CC4C5C84-845F-4E30-BF9D-AC2365085415}.Release|x64.Build.0 = Release|x64
		{CC4C5C84-845F-4E30-BF9D-AC2365085415}.Release|x86.ActiveCfg = Release|Win32
		{CC4C5C84-845F-4E30-BF9D-AC2365085415}.Release|x86.Build.0 = Release|Win32
		{8F4F6BEC-DE22-4B75-819D-FE2C62EBF593}.Debug|x64.ActiveCfg = Debug|x64
		{8F4F6BEC-DE22-4B75-819D-FE2C62EBF593}.Debug|x64.Build.0 = Debug|x64
		{8F4F6BEC-DE22-4B75-819D-FE2C62EBF593}.Debug|x86.ActiveCfg = Debug|Win32
		{8F4F6BEC-DE22-4B75-819D-FE2C62EBF593}.Debug|x86.Build.0 = Debug|Win32
		{8F4F6BEC-DE22-4B75-819D-FE2C62EBF593}.Release|x64.ActiveCfg = Release|x64
		{8F4F6BEC-DE22-4B75-819D-FE2C62EBF593}.Release|x64.Build.0 = Release|x64
		{8F4F6BEC-DE22-4B75-819D-FE2C62EBF593}.Release|x86.ActiveCfg = Release|Win32
		{8F4F6BEC-DE22-4B75-819D-FE2C62EBF593}.Release|x86.Build.0 = Release|Win32
	EndGlobalSection
	GlobalSection(SolutionProperties) = preSolution
		HideSolutionNode = FALSE
	EndGlobalSection
EndGlobal
